
Microsoft Visual Studio Solution File, Format Version 12.00
# Visual Studio Version 17
VisualStudioVersion = 17.8.34601.278
MinimumVisualStudioVersion = 10.0.40219.1
Project("{FAE04EC0-301F-11D3-BF4B-00C04F79EFBC}") = "CQRS.MediatR.WebApi", "CQRS.MediatR.WebApi\CQRS.MediatR.WebApi.csproj", "{84121A18-8736-47B4-A196-1C7A3336E4A6}"
EndProject
Project("{FAE04EC0-301F-11D3-BF4B-00C04F79EFBC}") = "CQRS.MediatR.Data", "CQRS.MediatR.Data\CQRS.MediatR.Data.csproj", "{439EEBC2-FABA-4404-A7D5-9AE57D7AE6FD}"
EndProject
Project("{FAE04EC0-301F-11D3-BF4B-00C04F79EFBC}") = "CQRS.MediatR.Domain", "CQRS.MediatR.Domain\CQRS.MediatR.Domain.csproj", "{5C68982F-95FA-4215-8541-530CBD85C3EC}"
EndProject
Global
	GlobalSection(SolutionConfigurationPlatforms) = preSolution
		Debug|Any CPU = Debug|Any CPU
		Release|Any CPU = Release|Any CPU
	EndGlobalSection
	GlobalSection(ProjectConfigurationPlatforms) = postSolution
		{84121A18-8736-47B4-A196-1C7A3336E4A6}.Debug|Any CPU.ActiveCfg = Debug|Any CPU
		{84121A18-8736-47B4-A196-1C7A3336E4A6}.Debug|Any CPU.Build.0 = Debug|Any CPU
		{84121A18-8736-47B4-A196-1C7A3336E4A6}.Release|Any CPU.ActiveCfg = Release|Any CPU
		{84121A18-8736-47B4-A196-1C7A3336E4A6}.Release|Any CPU.Build.0 = Release|Any CPU
		{439EEBC2-FABA-4404-A7D5-9AE57D7AE6FD}.Debug|Any CPU.ActiveCfg = Debug|Any CPU
		{439EEBC2-FABA-4404-A7D5-9AE57D7AE6FD}.Debug|Any CPU.Build.0 = Debug|Any CPU
		{439EEBC2-FABA-4404-A7D5-9AE57D7AE6FD}.Release|Any CPU.ActiveCfg = Release|Any CPU
		{439EEBC2-FABA-4404-A7D5-9AE57D7AE6FD}.Release|Any CPU.Build.0 = Release|Any CPU
		{5C68982F-95FA-4215-8541-530CBD85C3EC}.Debug|Any CPU.ActiveCfg = Debug|Any CPU
		{5C68982F-95FA-4215-8541-530CBD85C3EC}.Debug|Any CPU.Build.0 = Debug|Any CPU
		{5C68982F-95FA-4215-8541-530CBD85C3EC}.Release|Any CPU.ActiveCfg = Release|Any CPU
		{5C68982F-95FA-4215-8541-530CBD85C3EC}.Release|Any CPU.Build.0 = Release|Any CPU
	EndGlobalSection
	GlobalSection(SolutionProperties) = preSolution
		HideSolutionNode = FALSE
	EndGlobalSection
	GlobalSection(ExtensibilityGlobals) = postSolution
		SolutionGuid = {0A3BC554-C81F-497F-9206-1158C484A2A8}
	EndGlobalSection
EndGlobal
